// !$*UTF8*$!
{
	archiveVersion = 1;
	classes = {
	};
	objectVersion = 46;
	objects = {

/* Begin PBXBuildFile section */
		1F2A4639F6704FDB977724CE /* libPods-FxxBluetoothPlayer.a in Frameworks */ = {isa = PBXBuildFile; fileRef = 160429F8646F495A4581990C /* libPods-FxxBluetoothPlayer.a */; };
		9968AC6A1E9E83C1002DCB29 /* AppDelegate.m in Sources */ = {isa = PBXBuildFile; fileRef = 9968AC631E9E83C1002DCB29 /* AppDelegate.m */; };
		9968AC6B1E9E83C1002DCB29 /* ViewController.m in Sources */ = {isa = PBXBuildFile; fileRef = 9968AC671E9E83C1002DCB29 /* ViewController.m */; };
		99DD28011E9E7669007347DE /* main.m in Sources */ = {isa = PBXBuildFile; fileRef = 99DD28001E9E7669007347DE /* main.m */; };
		99DD280A1E9E7669007347DE /* Main.storyboard in Resources */ = {isa = PBXBuildFile; fileRef = 99DD28081E9E7669007347DE /* Main.storyboard */; };
		99DD280C1E9E7669007347DE /* Assets.xcassets in Resources */ = {isa = PBXBuildFile; fileRef = 99DD280B1E9E7669007347DE /* Assets.xcassets */; };
		99DD280F1E9E7669007347DE /* LaunchScreen.storyboard in Resources */ = {isa = PBXBuildFile; fileRef = 99DD280D1E9E7669007347DE /* LaunchScreen.storyboard */; };
/* End PBXBuildFile section */

/* Begin PBXFileReference section */
		13CF977C2F0A5E3064891572 /* Pods-FxxBluetoothPlayer.debug.xcconfig */ = {isa = PBXFileReference; includeInIndex = 1; lastKnownFileType = text.xcconfig; name = "Pods-FxxBluetoothPlayer.debug.xcconfig"; path = "Pods/Target Support Files/Pods-FxxBluetoothPlayer/Pods-FxxBluetoothPlayer.debug.xcconfig"; sourceTree = "<group>"; };
		160429F8646F495A4581990C /* libPods-FxxBluetoothPlayer.a */ = {isa = PBXFileReference; explicitFileType = archive.ar; includeInIndex = 0; path = "libPods-FxxBluetoothPlayer.a"; sourceTree = BUILT_PRODUCTS_DIR; };
		41F09F36407C517F4AECB7EA /* Pods-FxxBluetoothPlayer.release.xcconfig */ = {isa = PBXFileReference; includeInIndex = 1; lastKnownFileType = text.xcconfig; name = "Pods-FxxBluetoothPlayer.release.xcconfig"; path = "Pods/Target Support Files/Pods-FxxBluetoothPlayer/Pods-FxxBluetoothPlayer.release.xcconfig"; sourceTree = "<group>"; };
		9968AC621E9E83C1002DCB29 /* AppDelegate.h */ = {isa = PBXFileReference; fileEncoding = 4; lastKnownFileType = sourcecode.c.h; path = AppDelegate.h; sourceTree = "<group>"; };
		9968AC631E9E83C1002DCB29 /* AppDelegate.m */ = {isa = PBXFileReference; fileEncoding = 4; lastKnownFileType = sourcecode.c.objc; path = AppDelegate.m; sourceTree = "<group>"; };
		9968AC661E9E83C1002DCB29 /* ViewController.h */ = {isa = PBXFileReference; fileEncoding = 4; lastKnownFileType = sourcecode.c.h; path = ViewController.h; sourceTree = "<group>"; };
		9968AC671E9E83C1002DCB29 /* ViewController.m */ = {isa = PBXFileReference; fileEncoding = 4; lastKnownFileType = sourcecode.c.objc; path = ViewController.m; sourceTree = "<group>"; };
		99DD27FC1E9E7669007347DE /* FxxBluetoothPlayer.app */ = {isa = PBXFileReference; explicitFileType = wrapper.application; includeInIndex = 0; path = FxxBluetoothPlayer.app; sourceTree = BUILT_PRODUCTS_DIR; };
		99DD28001E9E7669007347DE /* main.m */ = {isa = PBXFileReference; lastKnownFileType = sourcecode.c.objc; path = main.m; sourceTree = "<group>"; };
		99DD28091E9E7669007347DE /* Base */ = {isa = PBXFileReference; lastKnownFileType = file.storyboard; name = Base; path = Base.lproj/Main.storyboard; sourceTree = "<group>"; };
		99DD280B1E9E7669007347DE /* Assets.xcassets */ = {isa = PBXFileReference; lastKnownFileType = folder.assetcatalog; path = Assets.xcassets; sourceTree = "<group>"; };
		99DD280E1E9E7669007347DE /* Base */ = {isa = PBXFileReference; lastKnownFileType = file.storyboard; name = Base; path = Base.lproj/LaunchScreen.storyboard; sourceTree = "<group>"; };
		99DD28101E9E7669007347DE /* Info.plist */ = {isa = PBXFileReference; lastKnownFileType = text.plist.xml; path = Info.plist; sourceTree = "<group>"; };
/* End PBXFileReference section */

/* Begin PBXFrameworksBuildPhase section */
		99DD27F91E9E7669007347DE /* Frameworks */ = {
			isa = PBXFrameworksBuildPhase;
			buildActionMask = 2147483647;
			files = (
				1F2A4639F6704FDB977724CE /* libPods-FxxBluetoothPlayer.a in Frameworks */,
			);
			runOnlyForDeploymentPostprocessing = 0;
		};
/* End PBXFrameworksBuildPhase section */

/* Begin PBXGroup section */
		1DE2297FB856967B694A6964 /* Frameworks */ = {
			isa = PBXGroup;
			children = (
				160429F8646F495A4581990C /* libPods-FxxBluetoothPlayer.a */,
			);
			name = Frameworks;
			sourceTree = "<group>";
		};
		9968AC611E9E83C1002DCB29 /* Application */ = {
			isa = PBXGroup;
			children = (
				9968AC621E9E83C1002DCB29 /* AppDelegate.h */,
				9968AC631E9E83C1002DCB29 /* AppDelegate.m */,
			);
			path = Application;
			sourceTree = "<group>";
		};
		9968AC641E9E83C1002DCB29 /* Main */ = {
			isa = PBXGroup;
			children = (
				9968AC651E9E83C1002DCB29 /* Controller */,
				9968AC681E9E83C1002DCB29 /* Model */,
				9968AC691E9E83C1002DCB29 /* View */,
			);
			path = Main;
			sourceTree = "<group>";
		};
		9968AC651E9E83C1002DCB29 /* Controller */ = {
			isa = PBXGroup;
			children = (
				9968AC661E9E83C1002DCB29 /* ViewController.h */,
				9968AC671E9E83C1002DCB29 /* ViewController.m */,
			);
			path = Controller;
			sourceTree = "<group>";
		};
		9968AC681E9E83C1002DCB29 /* Model */ = {
			isa = PBXGroup;
			children = (
			);
			path = Model;
			sourceTree = "<group>";
		};
		9968AC691E9E83C1002DCB29 /* View */ = {
			isa = PBXGroup;
			children = (
			);
			path = View;
			sourceTree = "<group>";
		};
		9968AC6C1E9E8458002DCB29 /* Resource */ = {
			isa = PBXGroup;
			children = (
				9968AC6D1E9E8458002DCB29 /* Image */,
			);
			path = Resource;
			sourceTree = "<group>";
		};
		9968AC6D1E9E8458002DCB29 /* Image */ = {
			isa = PBXGroup;
			children = (
			);
			path = Image;
			sourceTree = "<group>";
		};
		9968AC6E1E9E8458002DCB29 /* Service */ = {
			isa = PBXGroup;
			children = (
			);
			path = Service;
			sourceTree = "<group>";
		};
		9968AC6F1E9E8458002DCB29 /* ThirdPart */ = {
			isa = PBXGroup;
			children = (
			);
			path = ThirdPart;
			sourceTree = "<group>";
		};
		9968AC701E9E8458002DCB29 /* Utils */ = {
			isa = PBXGroup;
			children = (
			);
			path = Utils;
			sourceTree = "<group>";
		};
		99DD27F31E9E7669007347DE = {
			isa = PBXGroup;
			children = (
				99DD27FE1E9E7669007347DE /* FxxBluetoothPlayer */,
				99DD27FD1E9E7669007347DE /* Products */,
				FA5388FB8DE7E1F804C91278 /* Pods */,
				1DE2297FB856967B694A6964 /* Frameworks */,
			);
			sourceTree = "<group>";
		};
		99DD27FD1E9E7669007347DE /* Products */ = {
			isa = PBXGroup;
			children = (
				99DD27FC1E9E7669007347DE /* FxxBluetoothPlayer.app */,
			);
			name = Products;
			sourceTree = "<group>";
		};
		99DD27FE1E9E7669007347DE /* FxxBluetoothPlayer */ = {
			isa = PBXGroup;
			children = (
				9968AC6C1E9E8458002DCB29 /* Resource */,
				9968AC6E1E9E8458002DCB29 /* Service */,
				9968AC6F1E9E8458002DCB29 /* ThirdPart */,
				9968AC701E9E8458002DCB29 /* Utils */,
				9968AC611E9E83C1002DCB29 /* Application */,
				9968AC641E9E83C1002DCB29 /* Main */,
				99DD28081E9E7669007347DE /* Main.storyboard */,
				99DD280B1E9E7669007347DE /* Assets.xcassets */,
				99DD280D1E9E7669007347DE /* LaunchScreen.storyboard */,
				99DD28101E9E7669007347DE /* Info.plist */,
				99DD27FF1E9E7669007347DE /* Supporting Files */,
			);
			path = FxxBluetoothPlayer;
			sourceTree = "<group>";
		};
		99DD27FF1E9E7669007347DE /* Supporting Files */ = {
			isa = PBXGroup;
			children = (
				99DD28001E9E7669007347DE /* main.m */,
			);
			name = "Supporting Files";
			sourceTree = "<group>";
		};
		FA5388FB8DE7E1F804C91278 /* Pods */ = {
			isa = PBXGroup;
			children = (
				13CF977C2F0A5E3064891572 /* Pods-FxxBluetoothPlayer.debug.xcconfig */,
				41F09F36407C517F4AECB7EA /* Pods-FxxBluetoothPlayer.release.xcconfig */,
			);
			name = Pods;
			sourceTree = "<group>";
		};
/* End PBXGroup section */

/* Begin PBXNativeTarget section */
		99DD27FB1E9E7669007347DE /* FxxBluetoothPlayer */ = {
			isa = PBXNativeTarget;
			buildConfigurationList = 99DD28131E9E7669007347DE /* Build configuration list for PBXNativeTarget "FxxBluetoothPlayer" */;
			buildPhases = (
				C272E2AD88808606B18123C1 /* [CP] Check Pods Manifest.lock */,
				99DD27F81E9E7669007347DE /* Sources */,
				99DD27F91E9E7669007347DE /* Frameworks */,
				99DD27FA1E9E7669007347DE /* Resources */,
				83B992A89803C0DE69A76954 /* [CP] Embed Pods Frameworks */,
				3E0594C7AF70FD2AE77C85EB /* [CP] Copy Pods Resources */,
			);
			buildRules = (
			);
			dependencies = (
			);
			name = FxxBluetoothPlayer;
			productName = FxxBluetoothPlayer;
			productReference = 99DD27FC1E9E7669007347DE /* FxxBluetoothPlayer.app */;
			productType = "com.apple.product-type.application";
		};
/* End PBXNativeTarget section */

/* Begin PBXProject section */
		99DD27F41E9E7669007347DE /* Project object */ = {
			isa = PBXProject;
			attributes = {
				LastUpgradeCheck = 0830;
				ORGANIZATIONNAME = "Baird-weng";
				TargetAttributes = {
					99DD27FB1E9E7669007347DE = {
						CreatedOnToolsVersion = 8.3;
						DevelopmentTeam = 8K4DDU6TBB;
						ProvisioningStyle = Automatic;
					};
				};
			};
			buildConfigurationList = 99DD27F71E9E7669007347DE /* Build configuration list for PBXProject "FxxBluetoothPlayer" */;
			compatibilityVersion = "Xcode 3.2";
			developmentRegion = English;
			hasScannedForEncodings = 0;
			knownRegions = (
				en,
				Base,
			);
			mainGroup = 99DD27F31E9E7669007347DE;
			productRefGroup = 99DD27FD1E9E7669007347DE /* Products */;
			projectDirPath = "";
			projectRoot = "";
			targets = (
				99DD27FB1E9E7669007347DE /* FxxBluetoothPlayer */,
			);
		};
/* End PBXProject section */

/* Begin PBXResourcesBuildPhase section */
		99DD27FA1E9E7669007347DE /* Resources */ = {
			isa = PBXResourcesBuildPhase;
			buildActionMask = 2147483647;
			files = (
				99DD280F1E9E7669007347DE /* LaunchScreen.storyboard in Resources */,
				99DD280C1E9E7669007347DE /* Assets.xcassets in Resources */,
				99DD280A1E9E7669007347DE /* Main.storyboard in Resources */,
			);
			runOnlyForDeploymentPostprocessing = 0;
		};
/* End PBXResourcesBuildPhase section */

/* Begin PBXShellScriptBuildPhase section */
		3E0594C7AF70FD2AE77C85EB /* [CP] Copy Pods Resources */ = {
			isa = PBXShellScriptBuildPhase;
			buildActionMask = 2147483647;
			files = (
			);
			inputPaths = (
			);
			name = "[CP] Copy Pods Resources";
			outputPaths = (
			);
			runOnlyForDeploymentPostprocessing = 0;
			shellPath = /bin/sh;
			shellScript = "\"${SRCROOT}/Pods/Target Support Files/Pods-FxxBluetoothPlayer/Pods-FxxBluetoothPlayer-resources.sh\"\n";
			showEnvVarsInLog = 0;
		};
		83B992A89803C0DE69A76954 /* [CP] Embed Pods Frameworks */ = {
			isa = PBXShellScriptBuildPhase;
			buildActionMask = 2147483647;
			files = (
			);
			inputPaths = (
			);
			name = "[CP] Embed Pods Frameworks";
			outputPaths = (
			);
			runOnlyForDeploymentPostprocessing = 0;
			shellPath = /bin/sh;
			shellScript = "\"${SRCROOT}/Pods/Target Support Files/Pods-FxxBluetoothPlayer/Pods-FxxBluetoothPlayer-frameworks.sh\"\n";
			showEnvVarsInLog = 0;
		};
		C272E2AD88808606B18123C1 /* [CP] Check Pods Manifest.lock */ = {
			isa = PBXShellScriptBuildPhase;
			buildActionMask = 2147483647;
			files = (
			);
			inputPaths = (
			);
			name = "[CP] Check Pods Manifest.lock";
			outputPaths = (
			);
			runOnlyForDeploymentPostprocessing = 0;
			shellPath = /bin/sh;
			shellScript = "diff \"${PODS_ROOT}/../Podfile.lock\" \"${PODS_ROOT}/Manifest.lock\" > /dev/null\nif [ $? != 0 ] ; then\n    # print error to STDERR\n    echo \"error: The sandbox is not in sync with the Podfile.lock. Run 'pod install' or update your CocoaPods installation.\" >&2\n    exit 1\nfi\n";
			showEnvVarsInLog = 0;
		};
/* End PBXShellScriptBuildPhase section */

/* Begin PBXSourcesBuildPhase section */
		99DD27F81E9E7669007347DE /* Sources */ = {
			isa = PBXSourcesBuildPhase;
			buildActionMask = 2147483647;
			files = (
				9968AC6B1E9E83C1002DCB29 /* ViewController.m in Sources */,
				9968AC6A1E9E83C1002DCB29 /* AppDelegate.m in Sources */,
				99DD28011E9E7669007347DE /* main.m in Sources */,
			);
			runOnlyForDeploymentPostprocessing = 0;
		};
/* End PBXSourcesBuildPhase section */

/* Begin PBXVariantGroup section */
		99DD28081E9E7669007347DE /* Main.storyboard */ = {
			isa = PBXVariantGroup;
			children = (
				99DD28091E9E7669007347DE /* Base */,
			);
			name = Main.storyboard;
			sourceTree = "<group>";
		};
		99DD280D1E9E7669007347DE /* LaunchScreen.storyboard */ = {
			isa = PBXVariantGroup;
			children = (
				99DD280E1E9E7669007347DE /* Base */,
			);
			name = LaunchScreen.storyboard;
			sourceTree = "<group>";
		};
/* End PBXVariantGroup section */

/* Begin XCBuildConfiguration section */
		99DD28111E9E7669007347DE /* Debug */ = {
			isa = XCBuildConfiguration;
			buildSettings = {
				ALWAYS_SEARCH_USER_PATHS = NO;
				CLANG_ANALYZER_NONNULL = YES;
				CLANG_ANALYZER_NUMBER_OBJECT_CONVERSION = YES_AGGRESSIVE;
				CLANG_CXX_LANGUAGE_STANDARD = "gnu++0x";
				CLANG_CXX_LIBRARY = "libc++";
				CLANG_ENABLE_MODULES = YES;
				CLANG_ENABLE_OBJC_ARC = YES;
				CLANG_WARN_BOOL_CONVERSION = YES;
				CLANG_WARN_CONSTANT_CONVERSION = YES;
				CLANG_WARN_DIRECT_OBJC_ISA_USAGE = YES_ERROR;
				CLANG_WARN_DOCUMENTATION_COMMENTS = YES;
				CLANG_WARN_EMPTY_BODY = YES;
				CLANG_WARN_ENUM_CONVERSION = YES;
				CLANG_WARN_INFINITE_RECURSION = YES;
				CLANG_WARN_INT_CONVERSION = YES;
				CLANG_WARN_OBJC_ROOT_CLASS = YES_ERROR;
				CLANG_WARN_SUSPICIOUS_MOVE = YES;
				CLANG_WARN_UNREACHABLE_CODE = YES;
				CLANG_WARN__DUPLICATE_METHOD_MATCH = YES;
				"CODE_SIGN_IDENTITY[sdk=iphoneos*]" = "iPhone Developer";
				COPY_PHASE_STRIP = NO;
				DEBUG_INFORMATION_FORMAT = dwarf;
				ENABLE_STRICT_OBJC_MSGSEND = YES;
				ENABLE_TESTABILITY = YES;
				GCC_C_LANGUAGE_STANDARD = gnu99;
				GCC_DYNAMIC_NO_PIC = NO;
				GCC_NO_COMMON_BLOCKS = YES;
				GCC_OPTIMIZATION_LEVEL = 0;
				GCC_PREPROCESSOR_DEFINITIONS = (
					"DEBUG=1",
					"$(inherited)",
				);
				GCC_WARN_64_TO_32_BIT_CONVERSION = YES;
				GCC_WARN_ABOUT_RETURN_TYPE = YES_ERROR;
				GCC_WARN_UNDECLARED_SELECTOR = YES;
				GCC_WARN_UNINITIALIZED_AUTOS = YES_AGGRESSIVE;
				GCC_WARN_UNUSED_FUNCTION = YES;
				GCC_WARN_UNUSED_VARIABLE = YES;
				IPHONEOS_DEPLOYMENT_TARGET = 10.3;
				MTL_ENABLE_DEBUG_INFO = YES;
				ONLY_ACTIVE_ARCH = YES;
				SDKROOT = iphoneos;
			};
			name = Debug;
		};
		99DD28121E9E7669007347DE /* Release */ = {
			isa = XCBuildConfiguration;
			buildSettings = {
				ALWAYS_SEARCH_USER_PATHS = NO;
				CLANG_ANALYZER_NONNULL = YES;
				CLANG_ANALYZER_NUMBER_OBJECT_CONVERSION = YES_AGGRESSIVE;
				CLANG_CXX_LANGUAGE_STANDARD = "gnu++0x";
				CLANG_CXX_LIBRARY = "libc++";
				CLANG_ENABLE_MODULES = YES;
				CLANG_ENABLE_OBJC_ARC = YES;
				CLANG_WARN_BOOL_CONVERSION = YES;
				CLANG_WARN_CONSTANT_CONVERSION = YES;
				CLANG_WARN_DIRECT_OBJC_ISA_USAGE = YES_ERROR;
				CLANG_WARN_DOCUMENTATION_COMMENTS = YES;
				CLANG_WARN_EMPTY_BODY = YES;
				CLANG_WARN_ENUM_CONVERSION = YES;
				CLANG_WARN_INFINITE_RECURSION = YES;
				CLANG_WARN_INT_CONVERSION = YES;
				CLANG_WARN_OBJC_ROOT_CLASS = YES_ERROR;
				CLANG_WARN_SUSPICIOUS_MOVE = YES;
				CLANG_WARN_UNREACHABLE_CODE = YES;
				CLANG_WARN__DUPLICATE_METHOD_MATCH = YES;
				"CODE_SIGN_IDENTITY[sdk=iphoneos*]" = "iPhone Developer";
				COPY_PHASE_STRIP = NO;
				DEBUG_INFORMATION_FORMAT = "dwarf-with-dsym";
				ENABLE_NS_ASSERTIONS = NO;
				ENABLE_STRICT_OBJC_MSGSEND = YES;
				GCC_C_LANGUAGE_STANDARD = gnu99;
				GCC_NO_COMMON_BLOCKS = YES;
				GCC_WARN_64_TO_32_BIT_CONVERSION = YES;
				GCC_WARN_ABOUT_RETURN_TYPE = YES_ERROR;
				GCC_WARN_UNDECLARED_SELECTOR = YES;
				GCC_WARN_UNINITIALIZED_AUTOS = YES_AGGRESSIVE;
				GCC_WARN_UNUSED_FUNCTION = YES;
				GCC_WARN_UNUSED_VARIABLE = YES;
				IPHONEOS_DEPLOYMENT_TARGET = 10.3;
				MTL_ENABLE_DEBUG_INFO = NO;
				SDKROOT = iphoneos;
				VALIDATE_PRODUCT = YES;
			};
			name = Release;
		};
		99DD28141E9E7669007347DE /* Debug */ = {
			isa = XCBuildConfiguration;
			baseConfigurationReference = 13CF977C2F0A5E3064891572 /* Pods-FxxBluetoothPlayer.debug.xcconfig */;
			buildSettings = {
				ASSETCATALOG_COMPILER_APPICON_NAME = AppIcon;
				DEVELOPMENT_TEAM = 8K4DDU6TBB;
				INFOPLIST_FILE = FxxBluetoothPlayer/Info.plist;
				LD_RUNPATH_SEARCH_PATHS = "$(inherited) @executable_path/Frameworks";
				PRODUCT_BUNDLE_IDENTIFIER = com.bwinfo.com.FxxBluetoothPlayer;
				PRODUCT_NAME = "$(TARGET_NAME)";
			};
			name = Debug;
		};
		99DD28151E9E7669007347DE /* Release */ = {
			isa = XCBuildConfiguration;
			baseConfigurationReference = 41F09F36407C517F4AECB7EA /* Pods-FxxBluetoothPlayer.release.xcconfig */;
			buildSettings = {
				ASSETCATALOG_COMPILER_APPICON_NAME = AppIcon;
				DEVELOPMENT_TEAM = 8K4DDU6TBB;
				INFOPLIST_FILE = FxxBluetoothPlayer/Info.plist;
				LD_RUNPATH_SEARCH_PATHS = "$(inherited) @executable_path/Frameworks";
				PRODUCT_BUNDLE_IDENTIFIER = com.bwinfo.com.FxxBluetoothPlayer;
				PRODUCT_NAME = "$(TARGET_NAME)";
			};
			name = Release;
		};
/* End XCBuildConfiguration section */

/* Begin XCConfigurationList section */
		99DD27F71E9E7669007347DE /* Build configuration list for PBXProject "FxxBluetoothPlayer" */ = {
			isa = XCConfigurationList;
			buildConfigurations = (
				99DD28111E9E7669007347DE /* Debug */,
				99DD28121E9E7669007347DE /* Release */,
			);
			defaultConfigurationIsVisible = 0;
			defaultConfigurationName = Release;
		};
		99DD28131E9E7669007347DE /* Build configuration list for PBXNativeTarget "FxxBluetoothPlayer" */ = {
			isa = XCConfigurationList;
			buildConfigurations = (
				99DD28141E9E7669007347DE /* Debug */,
				99DD28151E9E7669007347DE /* Release */,
			);
			defaultConfigurationIsVisible = 0;
			defaultConfigurationName = Release;
		};
/* End XCConfigurationList section */
	};
	rootObject = 99DD27F41E9E7669007347DE /* Project object */;
}
